
Microsoft Visual Studio Solution File, Format Version 12.00
# Visual Studio Version 17
VisualStudioVersion = 17.4.33110.190
MinimumVisualStudioVersion = 10.0.40219.1
Project("{9A19103F-16F7-4668-BE54-9A1E7A4F7556}") = "SistemaInventario", "SistemaInventario.csproj", "{C2CBE14C-5A94-4727-AE3F-39A8FAF047A6}"
EndProject
Project("{9A19103F-16F7-4668-BE54-9A1E7A4F7556}") = "InventarioModelo", "..\InventarioModelo\InventarioModelo.csproj", "{EBF5D615-9FC5-4FC3-A26A-027E1E99DE0C}"
EndProject
Project("{9A19103F-16F7-4668-BE54-9A1E7A4F7556}") = "InventarioHerramienta", "..\InventarioHerramienta\InventarioHerramienta.csproj", "{905007A0-0FB3-4076-B95D-F527A7E4CA4C}"
EndProject
Project("{9A19103F-16F7-4668-BE54-9A1E7A4F7556}") = "InventarioViewModel", "..\InventarioViewModel\InventarioViewModel.csproj", "{94AF536E-44ED-415F-BA84-A303590EAD02}"
EndProject
Global
	GlobalSection(SolutionConfigurationPlatforms) = preSolution
		Debug|Any CPU = Debug|Any CPU
		Release|Any CPU = Release|Any CPU
	EndGlobalSection
	GlobalSection(ProjectConfigurationPlatforms) = postSolution
		{C2CBE14C-5A94-4727-AE3F-39A8FAF047A6}.Debug|Any CPU.ActiveCfg = Debug|Any CPU
		{C2CBE14C-5A94-4727-AE3F-39A8FAF047A6}.Debug|Any CPU.Build.0 = Debug|Any CPU
		{C2CBE14C-5A94-4727-AE3F-39A8FAF047A6}.Release|Any CPU.ActiveCfg = Release|Any CPU
		{C2CBE14C-5A94-4727-AE3F-39A8FAF047A6}.Release|Any CPU.Build.0 = Release|Any CPU
		{EBF5D615-9FC5-4FC3-A26A-027E1E99DE0C}.Debug|Any CPU.ActiveCfg = Debug|Any CPU
		{EBF5D615-9FC5-4FC3-A26A-027E1E99DE0C}.Debug|Any CPU.Build.0 = Debug|Any CPU
		{EBF5D615-9FC5-4FC3-A26A-027E1E99DE0C}.Release|Any CPU.ActiveCfg = Release|Any CPU
		{EBF5D615-9FC5-4FC3-A26A-027E1E99DE0C}.Release|Any CPU.Build.0 = Release|Any CPU
		{905007A0-0FB3-4076-B95D-F527A7E4CA4C}.Debug|Any CPU.ActiveCfg = Debug|Any CPU
		{905007A0-0FB3-4076-B95D-F527A7E4CA4C}.Debug|Any CPU.Build.0 = Debug|Any CPU
		{905007A0-0FB3-4076-B95D-F527A7E4CA4C}.Release|Any CPU.ActiveCfg = Release|Any CPU
		{905007A0-0FB3-4076-B95D-F527A7E4CA4C}.Release|Any CPU.Build.0 = Release|Any CPU
		{94AF536E-44ED-415F-BA84-A303590EAD02}.Debug|Any CPU.ActiveCfg = Debug|Any CPU
		{94AF536E-44ED-415F-BA84-A303590EAD02}.Debug|Any CPU.Build.0 = Debug|Any CPU
		{94AF536E-44ED-415F-BA84-A303590EAD02}.Release|Any CPU.ActiveCfg = Release|Any CPU
		{94AF536E-44ED-415F-BA84-A303590EAD02}.Release|Any CPU.Build.0 = Release|Any CPU
	EndGlobalSection
	GlobalSection(SolutionProperties) = preSolution
		HideSolutionNode = FALSE
	EndGlobalSection
	GlobalSection(ExtensibilityGlobals) = postSolution
		SolutionGuid = {6319D757-3410-4DBC-A142-D8C0D64F5980}
	EndGlobalSection
EndGlobal
